
Microsoft Visual Studio Solution File, Format Version 12.00
# Visual Studio Version 17
VisualStudioVersion = 17.5.33516.290
MinimumVisualStudioVersion = 10.0.40219.1
Project("{FAE04EC0-301F-11D3-BF4B-00C04F79EFBC}") = "MIS3033_LC_1206_BradenFisher", "MIS3033_LC_1206_BradenFisher\MIS3033_LC_1206_BradenFisher.csproj", "{6EAC3936-E108-4798-8312-BB4BAC41790B}"
EndProject
Global
	GlobalSection(SolutionConfigurationPlatforms) = preSolution
		Debug|Any CPU = Debug|Any CPU
		Release|Any CPU = Release|Any CPU
	EndGlobalSection
	GlobalSection(ProjectConfigurationPlatforms) = postSolution
		{6EAC3936-E108-4798-8312-BB4BAC41790B}.Debug|Any CPU.ActiveCfg = Debug|Any CPU
		{6EAC3936-E108-4798-8312-BB4BAC41790B}.Debug|Any CPU.Build.0 = Debug|Any CPU
		{6EAC3936-E108-4798-8312-BB4BAC41790B}.Release|Any CPU.ActiveCfg = Release|Any CPU
		{6EAC3936-E108-4798-8312-BB4BAC41790B}.Release|Any CPU.Build.0 = Release|Any CPU
	EndGlobalSection
	GlobalSection(SolutionProperties) = preSolution
		HideSolutionNode = FALSE
	EndGlobalSection
	GlobalSection(ExtensibilityGlobals) = postSolution
		SolutionGuid = {D53615D8-5A6B-4176-BAE4-560B6E66AB28}
	EndGlobalSection
EndGlobal
